// !$*UTF8*$!
{
	archiveVersion = 1;
	classes = {
	};
	objectVersion = 77;
	objects = {

/* Begin PBXBuildFile section */
		AD2210722FA9E653008A5637 /* Hub in Frameworks */ = {isa = PBXBuildFile; productRef = AD2210712FA9E653008A5637 /* Hub */; };
		AD2210742FA9E653008A5637 /* Tokenizers in Frameworks */ = {isa = PBXBuildFile; productRef = AD2210732FA9E653008A5637 /* Tokenizers */; };
		AD2210762FA9E653008A5637 /* Transformers in Frameworks */ = {isa = PBXBuildFile; productRef = AD2210752FA9E653008A5637 /* Transformers */; };
		AD53B3DB2F8CCADB0002309F /* GoogleService-Info.plist in Resources */ = {isa = PBXBuildFile; fileRef = AD53B3DA2F8CCADB0002309F /* GoogleService-Info.plist */; };
		AD53B3DE2F8CCC570002309F /* FirebaseAuth in Frameworks */ = {isa = PBXBuildFile; productRef = AD53B3DD2F8CCC570002309F /* FirebaseAuth */; };
		AD53B3E02F8CCC570002309F /* FirebaseCore in Frameworks */ = {isa = PBXBuildFile; productRef = AD53B3DF2F8CCC570002309F /* FirebaseCore */; };
		AD53B3E22F8CCC570002309F /* FirebaseFirestore in Frameworks */ = {isa = PBXBuildFile; productRef = AD53B3E12F8CCC570002309F /* FirebaseFirestore */; };
		AD6EE9352FA8F2AC00634F15 /* GoogleSignIn in Frameworks */ = {isa = PBXBuildFile; productRef = AD6EE9342FA8F2AC00634F15 /* GoogleSignIn */; };
		AD6EE9372FA8F2AC00634F15 /* GoogleSignInSwift in Frameworks */ = {isa = PBXBuildFile; productRef = AD6EE9362FA8F2AC00634F15 /* GoogleSignInSwift */; };
		AD7EDA272FABD25B00B1EB53 /* WidgetKit.framework in Frameworks */ = {isa = PBXBuildFile; fileRef = AD7EDA262FABD25B00B1EB53 /* WidgetKit.framework */; };
		AD7EDA292FABD25B00B1EB53 /* SwiftUI.framework in Frameworks */ = {isa = PBXBuildFile; fileRef = AD7EDA282FABD25B00B1EB53 /* SwiftUI.framework */; };
		AD7EDA3A2FABD25D00B1EB53 /* SmartStudyPlannerWidgetsExtension.appex in Embed Foundation Extensions */ = {isa = PBXBuildFile; fileRef = AD7EDA242FABD25B00B1EB53 /* SmartStudyPlannerWidgetsExtension.appex */; settings = {ATTRIBUTES = (RemoveHeadersOnCopy, ); }; };
/* End PBXBuildFile section */

/* Begin PBXContainerItemProxy section */
		AD7EDA382FABD25D00B1EB53 /* PBXContainerItemProxy */ = {
			isa = PBXContainerItemProxy;
			containerPortal = AD060C5E2F718F47001254E6 /* Project object */;
			proxyType = 1;
			remoteGlobalIDString = AD7EDA232FABD25B00B1EB53;
			remoteInfo = SmartStudyPlannerWidgetsExtension;
		};
		ADB3B5522FAE0A010045D957 /* PBXContainerItemProxy */ = {
			isa = PBXContainerItemProxy;
			containerPortal = AD060C5E2F718F47001254E6 /* Project object */;
			proxyType = 1;
			remoteGlobalIDString = AD060C652F718F47001254E6;
			remoteInfo = SmartStudyPlanner;
		};
/* End PBXContainerItemProxy section */

/* Begin PBXCopyFilesBuildPhase section */
		AD7EDA3F2FABD25D00B1EB53 /* Embed Foundation Extensions */ = {
			isa = PBXCopyFilesBuildPhase;
			buildActionMask = 2147483647;
			dstPath = "";
			dstSubfolderSpec = 13;
			files = (
				AD7EDA3A2FABD25D00B1EB53 /* SmartStudyPlannerWidgetsExtension.appex in Embed Foundation Extensions */,
			);
			name = "Embed Foundation Extensions";
			runOnlyForDeploymentPostprocessing = 0;
		};
		AD94F8742FA9FDB000F6BBBE /* CopyFiles */ = {
			isa = PBXCopyFilesBuildPhase;
			buildActionMask = 8;
			dstPath = "";
			dstSubfolderSpec = 7;
			files = (
			);
			runOnlyForDeploymentPostprocessing = 1;
		};
/* End PBXCopyFilesBuildPhase section */

/* Begin PBXFileReference section */
		AD060C662F718F47001254E6 /* SmartStudyPlanner.app */ = {isa = PBXFileReference; explicitFileType = wrapper.application; includeInIndex = 0; path = SmartStudyPlanner.app; sourceTree = BUILT_PRODUCTS_DIR; };
		AD53B3DA2F8CCADB0002309F /* GoogleService-Info.plist */ = {isa = PBXFileReference; lastKnownFileType = text.plist.xml; path = "GoogleService-Info.plist"; sourceTree = "<group>"; };
		AD7EDA242FABD25B00B1EB53 /* SmartStudyPlannerWidgetsExtension.appex */ = {isa = PBXFileReference; explicitFileType = "wrapper.app-extension"; includeInIndex = 0; path = SmartStudyPlannerWidgetsExtension.appex; sourceTree = BUILT_PRODUCTS_DIR; };
		AD7EDA262FABD25B00B1EB53 /* WidgetKit.framework */ = {isa = PBXFileReference; lastKnownFileType = wrapper.framework; name = WidgetKit.framework; path = System/Library/Frameworks/WidgetKit.framework; sourceTree = SDKROOT; };
		AD7EDA282FABD25B00B1EB53 /* SwiftUI.framework */ = {isa = PBXFileReference; lastKnownFileType = wrapper.framework; name = SwiftUI.framework; path = System/Library/Frameworks/SwiftUI.framework; sourceTree = SDKROOT; };
		ADB3B54E2FAE0A010045D957 /* SmartStudyPlannerTests.xctest */ = {isa = PBXFileReference; explicitFileType = wrapper.cfbundle; includeInIndex = 0; path = SmartStudyPlannerTests.xctest; sourceTree = BUILT_PRODUCTS_DIR; };
		ADB3B5632FAE26560045D957 /* SmartStudyPlanner.xctestplan */ = {isa = PBXFileReference; lastKnownFileType = text; path = SmartStudyPlanner.xctestplan; sourceTree = "<group>"; };
/* End PBXFileReference section */

/* Begin PBXFileSystemSynchronizedBuildFileExceptionSet section */
		AD2388D62FB756C700AB5103 /* Exceptions for "SmartStudyPlanner" folder in "SmartStudyPlannerWidgetsExtension" target */ = {
			isa = PBXFileSystemSynchronizedBuildFileExceptionSet;
			membershipExceptions = (
				Assets.xcassets,
			);
			target = AD7EDA232FABD25B00B1EB53 /* SmartStudyPlannerWidgetsExtension */;
		};
		AD7EDA3E2FABD25D00B1EB53 /* Exceptions for "SmartStudyPlannerWidgets" folder in "SmartStudyPlannerWidgetsExtension" target */ = {
			isa = PBXFileSystemSynchronizedBuildFileExceptionSet;
			membershipExceptions = (
				Info.plist,
			);
			target = AD7EDA232FABD25B00B1EB53 /* SmartStudyPlannerWidgetsExtension */;
		};
		AD94F9A72FAA0FB200F6BBBE /* Exceptions for "SmartStudyPlanner" folder in "SmartStudyPlanner" target */ = {
			isa = PBXFileSystemSynchronizedBuildFileExceptionSet;
			membershipExceptions = (
				Info.plist,
			);
			target = AD060C652F718F47001254E6 /* SmartStudyPlanner */;
		};
/* End PBXFileSystemSynchronizedBuildFileExceptionSet section */

/* Begin PBXFileSystemSynchronizedRootGroup section */
		AD060C682F718F47001254E6 /* SmartStudyPlanner */ = {
			isa = PBXFileSystemSynchronizedRootGroup;
			exceptions = (
				AD94F9A72FAA0FB200F6BBBE /* Exceptions for "SmartStudyPlanner" folder in "SmartStudyPlanner" target */,
				AD2388D62FB756C700AB5103 /* Exceptions for "SmartStudyPlanner" folder in "SmartStudyPlannerWidgetsExtension" target */,
			);
			path = SmartStudyPlanner;
			sourceTree = "<group>";
		};
		AD7EDA2A2FABD25B00B1EB53 /* SmartStudyPlannerWidgets */ = {
			isa = PBXFileSystemSynchronizedRootGroup;
			exceptions = (
				AD7EDA3E2FABD25D00B1EB53 /* Exceptions for "SmartStudyPlannerWidgets" folder in "SmartStudyPlannerWidgetsExtension" target */,
			);
			path = SmartStudyPlannerWidgets;
			sourceTree = "<group>";
		};
		ADB3B54F2FAE0A010045D957 /* SmartStudyPlannerTests */ = {
			isa = PBXFileSystemSynchronizedRootGroup;
			path = SmartStudyPlannerTests;
			sourceTree = "<group>";
		};
/* End PBXFileSystemSynchronizedRootGroup section */

/* Begin PBXFrameworksBuildPhase section */
		AD060C632F718F47001254E6 /* Frameworks */ = {
			isa = PBXFrameworksBuildPhase;
			buildActionMask = 2147483647;
			files = (
				AD2210722FA9E653008A5637 /* Hub in Frameworks */,
				AD2210742FA9E653008A5637 /* Tokenizers in Frameworks */,
				AD2210762FA9E653008A5637 /* Transformers in Frameworks */,
				AD6EE9372FA8F2AC00634F15 /* GoogleSignInSwift in Frameworks */,
				AD53B3E02F8CCC570002309F /* FirebaseCore in Frameworks */,
				AD6EE9352FA8F2AC00634F15 /* GoogleSignIn in Frameworks */,
				AD53B3DE2F8CCC570002309F /* FirebaseAuth in Frameworks */,
				AD53B3E22F8CCC570002309F /* FirebaseFirestore in Frameworks */,
			);
			runOnlyForDeploymentPostprocessing = 0;
		};
		AD7EDA212FABD25B00B1EB53 /* Frameworks */ = {
			isa = PBXFrameworksBuildPhase;
			buildActionMask = 2147483647;
			files = (
				AD7EDA292FABD25B00B1EB53 /* SwiftUI.framework in Frameworks */,
				AD7EDA272FABD25B00B1EB53 /* WidgetKit.framework in Frameworks */,
			);
			runOnlyForDeploymentPostprocessing = 0;
		};
		ADB3B54B2FAE0A010045D957 /* Frameworks */ = {
			isa = PBXFrameworksBuildPhase;
			buildActionMask = 2147483647;
			files = (
			);
			runOnlyForDeploymentPostprocessing = 0;
		};
/* End PBXFrameworksBuildPhase section */

/* Begin PBXGroup section */
		AD060C5D2F718F47001254E6 = {
			isa = PBXGroup;
			children = (
				ADB3B5632FAE26560045D957 /* SmartStudyPlanner.xctestplan */,
				AD53B3DA2F8CCADB0002309F /* GoogleService-Info.plist */,
				AD060C682F718F47001254E6 /* SmartStudyPlanner */,
				AD7EDA2A2FABD25B00B1EB53 /* SmartStudyPlannerWidgets */,
				ADB3B54F2FAE0A010045D957 /* SmartStudyPlannerTests */,
				AD7EDA252FABD25B00B1EB53 /* Frameworks */,
				AD060C672F718F47001254E6 /* Products */,
			);
			sourceTree = "<group>";
		};
		AD060C672F718F47001254E6 /* Products */ = {
			isa = PBXGroup;
			children = (
				AD060C662F718F47001254E6 /* SmartStudyPlanner.app */,
				AD7EDA242FABD25B00B1EB53 /* SmartStudyPlannerWidgetsExtension.appex */,
				ADB3B54E2FAE0A010045D957 /* SmartStudyPlannerTests.xctest */,
			);
			name = Products;
			sourceTree = "<group>";
		};
		AD7EDA252FABD25B00B1EB53 /* Frameworks */ = {
			isa = PBXGroup;
			children = (
				AD7EDA262FABD25B00B1EB53 /* WidgetKit.framework */,
				AD7EDA282FABD25B00B1EB53 /* SwiftUI.framework */,
			);
			name = Frameworks;
			sourceTree = "<group>";
		};
/* End PBXGroup section */

/* Begin PBXNativeTarget section */
		AD060C652F718F47001254E6 /* SmartStudyPlanner */ = {
			isa = PBXNativeTarget;
			buildConfigurationList = AD060C712F718F47001254E6 /* Build configuration list for PBXNativeTarget "SmartStudyPlanner" */;
			buildPhases = (
				AD060C622F718F47001254E6 /* Sources */,
				AD060C632F718F47001254E6 /* Frameworks */,
				AD060C642F718F47001254E6 /* Resources */,
				AD94F8742FA9FDB000F6BBBE /* CopyFiles */,
				AD7EDA3F2FABD25D00B1EB53 /* Embed Foundation Extensions */,
			);
			buildRules = (
			);
			dependencies = (
				AD7EDA392FABD25D00B1EB53 /* PBXTargetDependency */,
			);
			fileSystemSynchronizedGroups = (
				AD060C682F718F47001254E6 /* SmartStudyPlanner */,
			);
			name = SmartStudyPlanner;
			packageProductDependencies = (
				AD53B3DD2F8CCC570002309F /* FirebaseAuth */,
				AD53B3DF2F8CCC570002309F /* FirebaseCore */,
				AD53B3E12F8CCC570002309F /* FirebaseFirestore */,
				AD6EE9342FA8F2AC00634F15 /* GoogleSignIn */,
				AD6EE9362FA8F2AC00634F15 /* GoogleSignInSwift */,
				AD2210712FA9E653008A5637 /* Hub */,
				AD2210732FA9E653008A5637 /* Tokenizers */,
				AD2210752FA9E653008A5637 /* Transformers */,
			);
			productName = SmartStudyPlanner;
			productReference = AD060C662F718F47001254E6 /* SmartStudyPlanner.app */;
			productType = "com.apple.product-type.application";
		};
		AD7EDA232FABD25B00B1EB53 /* SmartStudyPlannerWidgetsExtension */ = {
			isa = PBXNativeTarget;
			buildConfigurationList = AD7EDA3B2FABD25D00B1EB53 /* Build configuration list for PBXNativeTarget "SmartStudyPlannerWidgetsExtension" */;
			buildPhases = (
				AD7EDA202FABD25B00B1EB53 /* Sources */,
				AD7EDA212FABD25B00B1EB53 /* Frameworks */,
				AD7EDA222FABD25B00B1EB53 /* Resources */,
			);
			buildRules = (
			);
			dependencies = (
			);
			fileSystemSynchronizedGroups = (
				AD7EDA2A2FABD25B00B1EB53 /* SmartStudyPlannerWidgets */,
			);
			name = SmartStudyPlannerWidgetsExtension;
			packageProductDependencies = (
			);
			productName = SmartStudyPlannerWidgetsExtension;
			productReference = AD7EDA242FABD25B00B1EB53 /* SmartStudyPlannerWidgetsExtension.appex */;
			productType = "com.apple.product-type.app-extension";
		};
		ADB3B54D2FAE0A010045D957 /* SmartStudyPlannerTests */ = {
			isa = PBXNativeTarget;
			buildConfigurationList = ADB3B5562FAE0A010045D957 /* Build configuration list for PBXNativeTarget "SmartStudyPlannerTests" */;
			buildPhases = (
				ADB3B54A2FAE0A010045D957 /* Sources */,
				ADB3B54B2FAE0A010045D957 /* Frameworks */,
				ADB3B54C2FAE0A010045D957 /* Resources */,
			);
			buildRules = (
			);
			dependencies = (
				ADB3B5532FAE0A010045D957 /* PBXTargetDependency */,
			);
			fileSystemSynchronizedGroups = (
				ADB3B54F2FAE0A010045D957 /* SmartStudyPlannerTests */,
			);
			name = SmartStudyPlannerTests;
			packageProductDependencies = (
			);
			productName = SmartStudyPlannerTests;
			productReference = ADB3B54E2FAE0A010045D957 /* SmartStudyPlannerTests.xctest */;
			productType = "com.apple.product-type.bundle.unit-test";
		};
/* End PBXNativeTarget section */

/* Begin PBXProject section */
		AD060C5E2F718F47001254E6 /* Project object */ = {
			isa = PBXProject;
			attributes = {
				BuildIndependentTargetsInParallel = 1;
				LastSwiftUpdateCheck = 2620;
				LastUpgradeCheck = 2620;
				TargetAttributes = {
					AD060C652F718F47001254E6 = {
						CreatedOnToolsVersion = 26.2;
					};
					AD7EDA232FABD25B00B1EB53 = {
						CreatedOnToolsVersion = 26.2;
					};
					ADB3B54D2FAE0A010045D957 = {
						CreatedOnToolsVersion = 26.2;
						TestTargetID = AD060C652F718F47001254E6;
					};
				};
			};
			buildConfigurationList = AD060C612F718F47001254E6 /* Build configuration list for PBXProject "SmartStudyPlanner" */;
			developmentRegion = en;
			hasScannedForEncodings = 0;
			knownRegions = (
				en,
				Base,
			);
			mainGroup = AD060C5D2F718F47001254E6;
			minimizedProjectReferenceProxies = 1;
			packageReferences = (
				AD53B3DC2F8CCC570002309F /* XCRemoteSwiftPackageReference "firebase-ios-sdk" */,
				AD6EE9332FA8F2AC00634F15 /* XCRemoteSwiftPackageReference "googlesignin-ios" */,
				AD2210702FA9E653008A5637 /* XCRemoteSwiftPackageReference "swift-transformers" */,
			);
			preferredProjectObjectVersion = 77;
			productRefGroup = AD060C672F718F47001254E6 /* Products */;
			projectDirPath = "";
			projectRoot = "";
			targets = (
				AD060C652F718F47001254E6 /* SmartStudyPlanner */,
				AD7EDA232FABD25B00B1EB53 /* SmartStudyPlannerWidgetsExtension */,
				ADB3B54D2FAE0A010045D957 /* SmartStudyPlannerTests */,
			);
		};
/* End PBXProject section */

/* Begin PBXResourcesBuildPhase section */
		AD060C642F718F47001254E6 /* Resources */ = {
			isa = PBXResourcesBuildPhase;
			buildActionMask = 2147483647;
			files = (
				AD53B3DB2F8CCADB0002309F /* GoogleService-Info.plist in Resources */,
			);
			runOnlyForDeploymentPostprocessing = 0;
		};
		AD7EDA222FABD25B00B1EB53 /* Resources */ = {
			isa = PBXResourcesBuildPhase;
			buildActionMask = 2147483647;
			files = (
			);
			runOnlyForDeploymentPostprocessing = 0;
		};
		ADB3B54C2FAE0A010045D957 /* Resources */ = {
			isa = PBXResourcesBuildPhase;
			buildActionMask = 2147483647;
			files = (
			);
			runOnlyForDeploymentPostprocessing = 0;
		};
/* End PBXResourcesBuildPhase section */

/* Begin PBXSourcesBuildPhase section */
		AD060C622F718F47001254E6 /* Sources */ = {
			isa = PBXSourcesBuildPhase;
			buildActionMask = 2147483647;
			files = (
			);
			runOnlyForDeploymentPostprocessing = 0;
		};
		AD7EDA202FABD25B00B1EB53 /* Sources */ = {
			isa = PBXSourcesBuildPhase;
			buildActionMask = 2147483647;
			files = (
			);
			runOnlyForDeploymentPostprocessing = 0;
		};
		ADB3B54A2FAE0A010045D957 /* Sources */ = {
			isa = PBXSourcesBuildPhase;
			buildActionMask = 2147483647;
			files = (
			);
			runOnlyForDeploymentPostprocessing = 0;
		};
/* End PBXSourcesBuildPhase section */

/* Begin PBXTargetDependency section */
		AD7EDA392FABD25D00B1EB53 /* PBXTargetDependency */ = {
			isa = PBXTargetDependency;
			target = AD7EDA232FABD25B00B1EB53 /* SmartStudyPlannerWidgetsExtension */;
			targetProxy = AD7EDA382FABD25D00B1EB53 /* PBXContainerItemProxy */;
		};
		ADB3B5532FAE0A010045D957 /* PBXTargetDependency */ = {
			isa = PBXTargetDependency;
			target = AD060C652F718F47001254E6 /* SmartStudyPlanner */;
			targetProxy = ADB3B5522FAE0A010045D957 /* PBXContainerItemProxy */;
		};
/* End PBXTargetDependency section */

/* Begin XCBuildConfiguration section */
		AD060C6F2F718F47001254E6 /* Debug */ = {
			isa = XCBuildConfiguration;
			buildSettings = {
				ALWAYS_SEARCH_USER_PATHS = NO;
				ASSETCATALOG_COMPILER_GENERATE_SWIFT_ASSET_SYMBOL_EXTENSIONS = YES;
				CLANG_ANALYZER_NONNULL = YES;
				CLANG_ANALYZER_NUMBER_OBJECT_CONVERSION = YES_AGGRESSIVE;
				CLANG_CXX_LANGUAGE_STANDARD = "gnu++20";
				CLANG_ENABLE_MODULES = YES;
				CLANG_ENABLE_OBJC_ARC = YES;
				CLANG_ENABLE_OBJC_WEAK = YES;
				CLANG_WARN_BLOCK_CAPTURE_AUTORELEASING = YES;
				CLANG_WARN_BOOL_CONVERSION = YES;
				CLANG_WARN_COMMA = YES;
				CLANG_WARN_CONSTANT_CONVERSION = YES;
				CLANG_WARN_DEPRECATED_OBJC_IMPLEMENTATIONS = YES;
				CLANG_WARN_DIRECT_OBJC_ISA_USAGE = YES_ERROR;
				CLANG_WARN_DOCUMENTATION_COMMENTS = YES;
				CLANG_WARN_EMPTY_BODY = YES;
				CLANG_WARN_ENUM_CONVERSION = YES;
				CLANG_WARN_INFINITE_RECURSION = YES;
				CLANG_WARN_INT_CONVERSION = YES;
				CLANG_WARN_NON_LITERAL_NULL_CONVERSION = YES;
				CLANG_WARN_OBJC_IMPLICIT_RETAIN_SELF = YES;
				CLANG_WARN_OBJC_LITERAL_CONVERSION = YES;
				CLANG_WARN_OBJC_ROOT_CLASS = YES_ERROR;
				CLANG_WARN_QUOTED_INCLUDE_IN_FRAMEWORK_HEADER = YES;
				CLANG_WARN_RANGE_LOOP_ANALYSIS = YES;
				CLANG_WARN_STRICT_PROTOTYPES = YES;
				CLANG_WARN_SUSPICIOUS_MOVE = YES;
				CLANG_WARN_UNGUARDED_AVAILABILITY = YES_AGGRESSIVE;
				CLANG_WARN_UNREACHABLE_CODE = YES;
				CLANG_WARN__DUPLICATE_METHOD_MATCH = YES;
				COPY_PHASE_STRIP = NO;
				DEBUG_INFORMATION_FORMAT = dwarf;
				DEVELOPMENT_TEAM = 2BCJ5647BL;
				ENABLE_STRICT_OBJC_MSGSEND = YES;
				ENABLE_TESTABILITY = YES;
				ENABLE_USER_SCRIPT_SANDBOXING = YES;
				GCC_C_LANGUAGE_STANDARD = gnu17;
				GCC_DYNAMIC_NO_PIC = NO;
				GCC_NO_COMMON_BLOCKS = YES;
				GCC_OPTIMIZATION_LEVEL = 0;
				GCC_PREPROCESSOR_DEFINITIONS = (
					"DEBUG=1",
					"$(inherited)",
				);
				GCC_WARN_64_TO_32_BIT_CONVERSION = YES;
				GCC_WARN_ABOUT_RETURN_TYPE = YES_ERROR;
				GCC_WARN_UNDECLARED_SELECTOR = YES;
				GCC_WARN_UNINITIALIZED_AUTOS = YES_AGGRESSIVE;
				GCC_WARN_UNUSED_FUNCTION = YES;
				GCC_WARN_UNUSED_VARIABLE = YES;
				IPHONEOS_DEPLOYMENT_TARGET = 26.2;
				LOCALIZATION_PREFERS_STRING_CATALOGS = YES;
				MTL_ENABLE_DEBUG_INFO = INCLUDE_SOURCE;
				MTL_FAST_MATH = YES;
				ONLY_ACTIVE_ARCH = YES;
				SDKROOT = iphoneos;
				SWIFT_ACTIVE_COMPILATION_CONDITIONS = "DEBUG $(inherited)";
				SWIFT_OPTIMIZATION_LEVEL = "-Onone";
			};
			name = Debug;
		};
		AD060C702F718F47001254E6 /* Release */ = {
			isa = XCBuildConfiguration;
			buildSettings = {
				ALWAYS_SEARCH_USER_PATHS = NO;
				ASSETCATALOG_COMPILER_GENERATE_SWIFT_ASSET_SYMBOL_EXTENSIONS = YES;
				CLANG_ANALYZER_NONNULL = YES;
				CLANG_ANALYZER_NUMBER_OBJECT_CONVERSION = YES_AGGRESSIVE;
				CLANG_CXX_LANGUAGE_STANDARD = "gnu++20";
				CLANG_ENABLE_MODULES = YES;
				CLANG_ENABLE_OBJC_ARC = YES;
				CLANG_ENABLE_OBJC_WEAK = YES;
				CLANG_WARN_BLOCK_CAPTURE_AUTORELEASING = YES;
				CLANG_WARN_BOOL_CONVERSION = YES;
				CLANG_WARN_COMMA = YES;
				CLANG_WARN_CONSTANT_CONVERSION = YES;
				CLANG_WARN_DEPRECATED_OBJC_IMPLEMENTATIONS = YES;
				CLANG_WARN_DIRECT_OBJC_ISA_USAGE = YES_ERROR;
				CLANG_WARN_DOCUMENTATION_COMMENTS = YES;
				CLANG_WARN_EMPTY_BODY = YES;
				CLANG_WARN_ENUM_CONVERSION = YES;
				CLANG_WARN_INFINITE_RECURSION = YES;
				CLANG_WARN_INT_CONVERSION = YES;
				CLANG_WARN_NON_LITERAL_NULL_CONVERSION = YES;
				CLANG_WARN_OBJC_IMPLICIT_RETAIN_SELF = YES;
				CLANG_WARN_OBJC_LITERAL_CONVERSION = YES;
				CLANG_WARN_OBJC_ROOT_CLASS = YES_ERROR;
				CLANG_WARN_QUOTED_INCLUDE_IN_FRAMEWORK_HEADER = YES;
				CLANG_WARN_RANGE_LOOP_ANALYSIS = YES;
				CLANG_WARN_STRICT_PROTOTYPES = YES;
				CLANG_WARN_SUSPICIOUS_MOVE = YES;
				CLANG_WARN_UNGUARDED_AVAILABILITY = YES_AGGRESSIVE;
				CLANG_WARN_UNREACHABLE_CODE = YES;
				CLANG_WARN__DUPLICATE_METHOD_MATCH = YES;
				COPY_PHASE_STRIP = NO;
				DEBUG_INFORMATION_FORMAT = "dwarf-with-dsym";
				DEVELOPMENT_TEAM = 2BCJ5647BL;
				ENABLE_NS_ASSERTIONS = NO;
				ENABLE_STRICT_OBJC_MSGSEND = YES;
				ENABLE_USER_SCRIPT_SANDBOXING = YES;
				GCC_C_LANGUAGE_STANDARD = gnu17;
				GCC_NO_COMMON_BLOCKS = YES;
				GCC_WARN_64_TO_32_BIT_CONVERSION = YES;
				GCC_WARN_ABOUT_RETURN_TYPE = YES_ERROR;
				GCC_WARN_UNDECLARED_SELECTOR = YES;
				GCC_WARN_UNINITIALIZED_AUTOS = YES_AGGRESSIVE;
				GCC_WARN_UNUSED_FUNCTION = YES;
				GCC_WARN_UNUSED_VARIABLE = YES;
				IPHONEOS_DEPLOYMENT_TARGET = 26.2;
				LOCALIZATION_PREFERS_STRING_CATALOGS = YES;
				MTL_ENABLE_DEBUG_INFO = NO;
				MTL_FAST_MATH = YES;
				SDKROOT = iphoneos;
				SWIFT_COMPILATION_MODE = wholemodule;
				VALIDATE_PRODUCT = YES;
			};
			name = Release;
		};
		AD060C722F718F47001254E6 /* Debug */ = {
			isa = XCBuildConfiguration;
			buildSettings = {
				ASSETCATALOG_COMPILER_APPICON_NAME = AppIcon;
				ASSETCATALOG_COMPILER_GLOBAL_ACCENT_COLOR_NAME = AccentColor;
				CODE_SIGN_ENTITLEMENTS = SmartStudyPlanner/SmartStudyPlanner.entitlements;
				CODE_SIGN_STYLE = Automatic;
				CURRENT_PROJECT_VERSION = 1;
				DEVELOPMENT_TEAM = 2BCJ5647BL;
				ENABLE_PREVIEWS = YES;
				GENERATE_INFOPLIST_FILE = YES;
				"HEADER_SEARCH_PATHS[arch=*]" = "$(BUILD_ROOT)/../../SourcePackages/checkouts/llama.cpp/";
				INFOPLIST_FILE = SmartStudyPlanner/Info.plist;
				INFOPLIST_KEY_CFBundleDisplayName = SmartStudyPlanner;
				INFOPLIST_KEY_LSApplicationCategoryType = "public.app-category.education";
				INFOPLIST_KEY_UIApplicationSceneManifest_Generation = YES;
				INFOPLIST_KEY_UIApplicationSupportsIndirectInputEvents = YES;
				INFOPLIST_KEY_UILaunchScreen_Generation = YES;
				INFOPLIST_KEY_UISupportedInterfaceOrientations_iPad = "UIInterfaceOrientationPortrait UIInterfaceOrientationPortraitUpsideDown UIInterfaceOrientationLandscapeLeft UIInterfaceOrientationLandscapeRight";
				INFOPLIST_KEY_UISupportedInterfaceOrientations_iPhone = "UIInterfaceOrientationPortrait UIInterfaceOrientationLandscapeLeft UIInterfaceOrientationLandscapeRight";
				IPHONEOS_DEPLOYMENT_TARGET = 26.0;
				LD_RUNPATH_SEARCH_PATHS = (
					"$(inherited)",
					"@executable_path/Frameworks",
				);
				MARKETING_VERSION = 1.0;
				"OTHER_SWIFT_FLAGS[arch=*]" = "-DGGML_USE_METAL";
				PRODUCT_BUNDLE_IDENTIFIER = com.003.SmartStudyPlanner;
				PRODUCT_NAME = "$(TARGET_NAME)";
				STRING_CATALOG_GENERATE_SYMBOLS = YES;
				SWIFT_APPROACHABLE_CONCURRENCY = YES;
				SWIFT_DEFAULT_ACTOR_ISOLATION = MainActor;
				SWIFT_EMIT_LOC_STRINGS = YES;
				SWIFT_UPCOMING_FEATURE_MEMBER_IMPORT_VISIBILITY = YES;
				SWIFT_VERSION = 5.0;
				TARGETED_DEVICE_FAMILY = "1,2";
			};
			name = Debug;
		};
		AD060C732F718F47001254E6 /* Release */ = {
			isa = XCBuildConfiguration;
			buildSettings = {
				ASSETCATALOG_COMPILER_APPICON_NAME = AppIcon;
				ASSETCATALOG_COMPILER_GLOBAL_ACCENT_COLOR_NAME = AccentColor;
				CODE_SIGN_ENTITLEMENTS = SmartStudyPlanner/SmartStudyPlanner.entitlements;
				CODE_SIGN_STYLE = Automatic;
				CURRENT_PROJECT_VERSION = 1;
				DEVELOPMENT_TEAM = 2BCJ5647BL;
				ENABLE_PREVIEWS = YES;
				GENERATE_INFOPLIST_FILE = YES;
				"HEADER_SEARCH_PATHS[arch=*]" = "$(BUILD_ROOT)/../../SourcePackages/checkouts/llama.cpp/";
				INFOPLIST_FILE = SmartStudyPlanner/Info.plist;
				INFOPLIST_KEY_CFBundleDisplayName = SmartStudyPlanner;
				INFOPLIST_KEY_LSApplicationCategoryType = "public.app-category.education";
				INFOPLIST_KEY_UIApplicationSceneManifest_Generation = YES;
				INFOPLIST_KEY_UIApplicationSupportsIndirectInputEvents = YES;
				INFOPLIST_KEY_UILaunchScreen_Generation = YES;
				INFOPLIST_KEY_UISupportedInterfaceOrientations_iPad = "UIInterfaceOrientationPortrait UIInterfaceOrientationPortraitUpsideDown UIInterfaceOrientationLandscapeLeft UIInterfaceOrientationLandscapeRight";
				INFOPLIST_KEY_UISupportedInterfaceOrientations_iPhone = "UIInterfaceOrientationPortrait UIInterfaceOrientationLandscapeLeft UIInterfaceOrientationLandscapeRight";
				IPHONEOS_DEPLOYMENT_TARGET = 26.0;
				LD_RUNPATH_SEARCH_PATHS = (
					"$(inherited)",
					"@executable_path/Frameworks",
				);
				MARKETING_VERSION = 1.0;
				"OTHER_SWIFT_FLAGS[arch=*]" = "-DGGML_USE_METAL";
				PRODUCT_BUNDLE_IDENTIFIER = com.003.SmartStudyPlanner;
				PRODUCT_NAME = "$(TARGET_NAME)";
				STRING_CATALOG_GENERATE_SYMBOLS = YES;
				SWIFT_APPROACHABLE_CONCURRENCY = YES;
				SWIFT_DEFAULT_ACTOR_ISOLATION = MainActor;
				SWIFT_EMIT_LOC_STRINGS = YES;
				SWIFT_UPCOMING_FEATURE_MEMBER_IMPORT_VISIBILITY = YES;
				SWIFT_VERSION = 5.0;
				TARGETED_DEVICE_FAMILY = "1,2";
			};
			name = Release;
		};
		AD7EDA3C2FABD25D00B1EB53 /* Debug */ = {
			isa = XCBuildConfiguration;
			buildSettings = {
				ASSETCATALOG_COMPILER_GLOBAL_ACCENT_COLOR_NAME = AccentColor;
				ASSETCATALOG_COMPILER_WIDGET_BACKGROUND_COLOR_NAME = WidgetBackground;
				CODE_SIGN_STYLE = Automatic;
				CURRENT_PROJECT_VERSION = 1;
				DEVELOPMENT_TEAM = 2BCJ5647BL;
				GENERATE_INFOPLIST_FILE = YES;
				INFOPLIST_FILE = SmartStudyPlannerWidgets/Info.plist;
				INFOPLIST_KEY_CFBundleDisplayName = SmartStudyPlannerWidgets;
				INFOPLIST_KEY_NSHumanReadableCopyright = "";
				LD_RUNPATH_SEARCH_PATHS = (
					"$(inherited)",
					"@executable_path/Frameworks",
					"@executable_path/../../Frameworks",
				);
				MARKETING_VERSION = 1.0;
				PRODUCT_BUNDLE_IDENTIFIER = com.003.SmartStudyPlanner.SmartStudyPlannerWidgets;
				PRODUCT_NAME = "$(TARGET_NAME)";
				SKIP_INSTALL = YES;
				STRING_CATALOG_GENERATE_SYMBOLS = YES;
				SWIFT_APPROACHABLE_CONCURRENCY = YES;
				SWIFT_EMIT_LOC_STRINGS = YES;
				SWIFT_UPCOMING_FEATURE_MEMBER_IMPORT_VISIBILITY = YES;
				SWIFT_VERSION = 5.0;
				TARGETED_DEVICE_FAMILY = "1,2";
			};
			name = Debug;
		};
		AD7EDA3D2FABD25D00B1EB53 /* Release */ = {
			isa = XCBuildConfiguration;
			buildSettings = {
				ASSETCATALOG_COMPILER_GLOBAL_ACCENT_COLOR_NAME = AccentColor;
				ASSETCATALOG_COMPILER_WIDGET_BACKGROUND_COLOR_NAME = WidgetBackground;
				CODE_SIGN_STYLE = Automatic;
				CURRENT_PROJECT_VERSION = 1;
				DEVELOPMENT_TEAM = 2BCJ5647BL;
				GENERATE_INFOPLIST_FILE = YES;
				INFOPLIST_FILE = SmartStudyPlannerWidgets/Info.plist;
				INFOPLIST_KEY_CFBundleDisplayName = SmartStudyPlannerWidgets;
				INFOPLIST_KEY_NSHumanReadableCopyright = "";
				LD_RUNPATH_SEARCH_PATHS = (
					"$(inherited)",
					"@executable_path/Frameworks",
					"@executable_path/../../Frameworks",
				);
				MARKETING_VERSION = 1.0;
				PRODUCT_BUNDLE_IDENTIFIER = com.003.SmartStudyPlanner.SmartStudyPlannerWidgets;
				PRODUCT_NAME = "$(TARGET_NAME)";
				SKIP_INSTALL = YES;
				STRING_CATALOG_GENERATE_SYMBOLS = YES;
				SWIFT_APPROACHABLE_CONCURRENCY = YES;
				SWIFT_EMIT_LOC_STRINGS = YES;
				SWIFT_UPCOMING_FEATURE_MEMBER_IMPORT_VISIBILITY = YES;
				SWIFT_VERSION = 5.0;
				TARGETED_DEVICE_FAMILY = "1,2";
			};
			name = Release;
		};
		ADB3B5542FAE0A010045D957 /* Debug */ = {
			isa = XCBuildConfiguration;
			buildSettings = {
				BUNDLE_LOADER = "$(TEST_HOST)";
				CODE_SIGN_STYLE = Automatic;
				CURRENT_PROJECT_VERSION = 1;
				DEVELOPMENT_TEAM = 2BCJ5647BL;
				GENERATE_INFOPLIST_FILE = YES;
				MARKETING_VERSION = 1.0;
				PRODUCT_BUNDLE_IDENTIFIER = com.003.SmartStudyPlannerTests;
				PRODUCT_NAME = "$(TARGET_NAME)";
				STRING_CATALOG_GENERATE_SYMBOLS = NO;
				SWIFT_APPROACHABLE_CONCURRENCY = YES;
				SWIFT_EMIT_LOC_STRINGS = NO;
				SWIFT_UPCOMING_FEATURE_MEMBER_IMPORT_VISIBILITY = YES;
				SWIFT_VERSION = 5.0;
				TARGETED_DEVICE_FAMILY = "1,2";
				TEST_HOST = "$(BUILT_PRODUCTS_DIR)/SmartStudyPlanner.app/$(BUNDLE_EXECUTABLE_FOLDER_PATH)/SmartStudyPlanner";
			};
			name = Debug;
		};
		ADB3B5552FAE0A010045D957 /* Release */ = {
			isa = XCBuildConfiguration;
			buildSettings = {
				BUNDLE_LOADER = "$(TEST_HOST)";
				CODE_SIGN_STYLE = Automatic;
				CURRENT_PROJECT_VERSION = 1;
				DEVELOPMENT_TEAM = 2BCJ5647BL;
				GENERATE_INFOPLIST_FILE = YES;
				MARKETING_VERSION = 1.0;
				PRODUCT_BUNDLE_IDENTIFIER = com.003.SmartStudyPlannerTests;
				PRODUCT_NAME = "$(TARGET_NAME)";
				STRING_CATALOG_GENERATE_SYMBOLS = NO;
				SWIFT_APPROACHABLE_CONCURRENCY = YES;
				SWIFT_EMIT_LOC_STRINGS = NO;
				SWIFT_UPCOMING_FEATURE_MEMBER_IMPORT_VISIBILITY = YES;
				SWIFT_VERSION = 5.0;
				TARGETED_DEVICE_FAMILY = "1,2";
				TEST_HOST = "$(BUILT_PRODUCTS_DIR)/SmartStudyPlanner.app/$(BUNDLE_EXECUTABLE_FOLDER_PATH)/SmartStudyPlanner";
			};
			name = Release;
		};
/* End XCBuildConfiguration section */

/* Begin XCConfigurationList section */
		AD060C612F718F47001254E6 /* Build configuration list for PBXProject "SmartStudyPlanner" */ = {
			isa = XCConfigurationList;
			buildConfigurations = (
				AD060C6F2F718F47001254E6 /* Debug */,
				AD060C702F718F47001254E6 /* Release */,
			);
			defaultConfigurationIsVisible = 0;
			defaultConfigurationName = Release;
		};
		AD060C712F718F47001254E6 /* Build configuration list for PBXNativeTarget "SmartStudyPlanner" */ = {
			isa = XCConfigurationList;
			buildConfigurations = (
				AD060C722F718F47001254E6 /* Debug */,
				AD060C732F718F47001254E6 /* Release */,
			);
			defaultConfigurationIsVisible = 0;
			defaultConfigurationName = Release;
		};
		AD7EDA3B2FABD25D00B1EB53 /* Build configuration list for PBXNativeTarget "SmartStudyPlannerWidgetsExtension" */ = {
			isa = XCConfigurationList;
			buildConfigurations = (
				AD7EDA3C2FABD25D00B1EB53 /* Debug */,
				AD7EDA3D2FABD25D00B1EB53 /* Release */,
			);
			defaultConfigurationIsVisible = 0;
			defaultConfigurationName = Release;
		};
		ADB3B5562FAE0A010045D957 /* Build configuration list for PBXNativeTarget "SmartStudyPlannerTests" */ = {
			isa = XCConfigurationList;
			buildConfigurations = (
				ADB3B5542FAE0A010045D957 /* Debug */,
				ADB3B5552FAE0A010045D957 /* Release */,
			);
			defaultConfigurationIsVisible = 0;
			defaultConfigurationName = Release;
		};
/* End XCConfigurationList section */

/* Begin XCRemoteSwiftPackageReference section */
		AD2210702FA9E653008A5637 /* XCRemoteSwiftPackageReference "swift-transformers" */ = {
			isa = XCRemoteSwiftPackageReference;
			repositoryURL = "https://github.com/huggingface/swift-transformers";
			requirement = {
				kind = upToNextMajorVersion;
				minimumVersion = 1.3.1;
			};
		};
		AD53B3DC2F8CCC570002309F /* XCRemoteSwiftPackageReference "firebase-ios-sdk" */ = {
			isa = XCRemoteSwiftPackageReference;
			repositoryURL = "https://github.com/firebase/firebase-ios-sdk";
			requirement = {
				kind = upToNextMajorVersion;
				minimumVersion = 12.12.0;
			};
		};
		AD6EE9332FA8F2AC00634F15 /* XCRemoteSwiftPackageReference "googlesignin-ios" */ = {
			isa = XCRemoteSwiftPackageReference;
			repositoryURL = "https://github.com/google/googlesignin-ios";
			requirement = {
				kind = upToNextMajorVersion;
				minimumVersion = 9.1.0;
			};
		};
/* End XCRemoteSwiftPackageReference section */

/* Begin XCSwiftPackageProductDependency section */
		AD2210712FA9E653008A5637 /* Hub */ = {
			isa = XCSwiftPackageProductDependency;
			package = AD2210702FA9E653008A5637 /* XCRemoteSwiftPackageReference "swift-transformers" */;
			productName = Hub;
		};
		AD2210732FA9E653008A5637 /* Tokenizers */ = {
			isa = XCSwiftPackageProductDependency;
			package = AD2210702FA9E653008A5637 /* XCRemoteSwiftPackageReference "swift-transformers" */;
			productName = Tokenizers;
		};
		AD2210752FA9E653008A5637 /* Transformers */ = {
			isa = XCSwiftPackageProductDependency;
			package = AD2210702FA9E653008A5637 /* XCRemoteSwiftPackageReference "swift-transformers" */;
			productName = Transformers;
		};
		AD53B3DD2F8CCC570002309F /* FirebaseAuth */ = {
			isa = XCSwiftPackageProductDependency;
			package = AD53B3DC2F8CCC570002309F /* XCRemoteSwiftPackageReference "firebase-ios-sdk" */;
			productName = FirebaseAuth;
		};
		AD53B3DF2F8CCC570002309F /* FirebaseCore */ = {
			isa = XCSwiftPackageProductDependency;
			package = AD53B3DC2F8CCC570002309F /* XCRemoteSwiftPackageReference "firebase-ios-sdk" */;
			productName = FirebaseCore;
		};
		AD53B3E12F8CCC570002309F /* FirebaseFirestore */ = {
			isa = XCSwiftPackageProductDependency;
			package = AD53B3DC2F8CCC570002309F /* XCRemoteSwiftPackageReference "firebase-ios-sdk" */;
			productName = FirebaseFirestore;
		};
		AD6EE9342FA8F2AC00634F15 /* GoogleSignIn */ = {
			isa = XCSwiftPackageProductDependency;
			package = AD6EE9332FA8F2AC00634F15 /* XCRemoteSwiftPackageReference "googlesignin-ios" */;
			productName = GoogleSignIn;
		};
		AD6EE9362FA8F2AC00634F15 /* GoogleSignInSwift */ = {
			isa = XCSwiftPackageProductDependency;
			package = AD6EE9332FA8F2AC00634F15 /* XCRemoteSwiftPackageReference "googlesignin-ios" */;
			productName = GoogleSignInSwift;
		};
/* End XCSwiftPackageProductDependency section */
	};
	rootObject = AD060C5E2F718F47001254E6 /* Project object */;
}
